
Microsoft Visual Studio Solution File, Format Version 12.00
Project("{FAE04EC0-301F-11D3-BF4B-00C04F79EFBC}") = "Interpreter", "Interpreter\Interpreter.csproj", "{861069C9-9923-4733-97FC-70A56B39BA8B}"
EndProject
Global
	GlobalSection(SolutionConfigurationPlatforms) = preSolution
		Debug|Any CPU = Debug|Any CPU
		Release|Any CPU = Release|Any CPU
	EndGlobalSection
	GlobalSection(ProjectConfigurationPlatforms) = postSolution
		{861069C9-9923-4733-97FC-70A56B39BA8B}.Debug|Any CPU.ActiveCfg = Debug|Any CPU
		{861069C9-9923-4733-97FC-70A56B39BA8B}.Debug|Any CPU.Build.0 = Debug|Any CPU
		{861069C9-9923-4733-97FC-70A56B39BA8B}.Release|Any CPU.ActiveCfg = Release|Any CPU
		{861069C9-9923-4733-97FC-70A56B39BA8B}.Release|Any CPU.Build.0 = Release|Any CPU
	EndGlobalSection
EndGlobal
